# THIS IS AN AUTOGENERATED FILE. DO NOT EDIT THIS FILE DIRECTLY.
# yarn lockfile v1


html-entities@^1.3.1:
  version "1.3.1"
  resolved "https://registry.yarnpkg.com/html-entities/-/html-entities-1.3.1.tgz#fb9a1a4b5b14c5daba82d3e34c6ae4fe701a0e44"
  integrity sha512-rhE/4Z3hIhzHAUKbW8jVcCyuT5oJCXXqhN/6mXXVCpzTmvJnoH2HL/bt3EZ6p55jbFJBeAe1ZNpL5BugLujxNA==

m3u8stream@^0.7.1:
  version "0.7.1"
  resolved "https://registry.yarnpkg.com/m3u8stream/-/m3u8stream-0.7.1.tgz#74b01a67ca248ac7bbdc263a65d9d8d2c479a65c"
  integrity sha512-z6ldnAdhbuWOL6LmMkwptSZGzj+qbRytMKLTbNicwF/bJMjf9U9lqD57RNQUFecvWadEkzy6PDjcNJFFgi19uQ==
  dependencies:
    miniget "^1.6.1"
    sax "^1.2.4"

miniget@^1.6.1:
  version "1.7.2"
  resolved "https://registry.yarnpkg.com/miniget/-/miniget-1.7.2.tgz#f95eff50b78d798dddee2460c4aa3c72db1aa23a"
  integrity sha512-USPNNK2bnHLOplX8BZVMehUkyQizS/DFpBdoH0TS+fM+hQoLNg9tWg4MeY9wE8gfY0pbzmx5UBEODujt3Lz8AA==

miniget@^2.0.1:
  version "2.0.1"
  resolved "https://registry.yarnpkg.com/miniget/-/miniget-2.0.1.tgz#e2188573317ad8239bab33f056aae64804fc8e47"
  integrity sha512-MX+QfVIPAutz6c+T7WKuFKtjcw0nOyRRh1ubhTDD+z/e/pKcSAsfAV63aQKUgb1MFRT1GyfJeW53N5fHkX0wIA==

sax@^1.1.3, sax@^1.2.4:
  version "1.2.4"
  resolved "https://registry.yarnpkg.com/sax/-/sax-1.2.4.tgz#2816234e2378bddc4e5354fab5caa895df7100d9"
  integrity sha512-NqVDv9TpANUjFm0N8uM5GxL36UgKi9/atZw+x7YFnQ8ckwFGKrl4xX4yWtrey3UJm5nP1kUbnYgLopqWNSRhWw==

ytdl-core@^3.3.0:
  version "3.3.0"
  resolved "https://registry.yarnpkg.com/ytdl-core/-/ytdl-core-3.3.0.tgz#ed6d3e793961c211804715261e7d0e1d34065ac0"
  integrity sha512-jesZn1BCKanWEtVymezoJTMUF0B0Z6OQuf8M61zy0QUoNQprR2SYwzwI6dTOZHURz7wk1ffPgbYLu6BZq0vUsQ==
  dependencies:
    html-entities "^1.3.1"
    m3u8stream "^0.7.1"
    miniget "^2.0.1"
    sax "^1.1.3"

ytpl@^1.0.1:
  version "1.0.1"
  resolved "https://registry.yarnpkg.com/ytpl/-/ytpl-1.0.1.tgz#186e221bbc05465df5ec50a0a9bc5c6fdf2aa50f"
  integrity sha512-v2TGepCZSoVYZAAPoHIz1Hr+auGBJb11npBY4PLAofAdQFlJMopGodmv3JENkW1ghxBW94CASfyOJ9bgpb+nEg==
  dependencies:
    html-entities "^1.3.1"
    miniget "^2.0.1"

ytsr@^1.0.4:
  version "1.0.4"
  resolved "https://registry.yarnpkg.com/ytsr/-/ytsr-1.0.4.tgz#8bb13f47a5919c2900388fe60c14aee3078969c5"
  integrity sha512-wI58LREviYnlsCgB0R+NC3kqsbQpH/C42shbAaq1tlAZN2zBqr2JONE+eGimygpU/fdiJSB9XLFaXe6AgCG5Uw==
  dependencies:
    html-entities "^1.3.1"
    miniget "^2.0.1"
